
Microsoft Visual Studio Solution File, Format Version 12.00
# Visual Studio Version 16
VisualStudioVersion = 16.0.34601.136
MinimumVisualStudioVersion = 10.0.40219.1
Project("{FAE04EC0-301F-11D3-BF4B-00C04F79EFBC}") = "DoAnBanHangShop", "DoAnBanHangShop.csproj", "{98CC7250-ADA4-45E7-9B06-2DB90A80F166}"
EndProject
Project("{54435603-DBB4-11D2-8724-00A0C9A8B90C}") = "Encapsulation", "..\Encapsulation.vdproj", "{2B62E68A-A267-43F3-BDED-5972C021644A}"
EndProject
Global
	GlobalSection(SolutionConfigurationPlatforms) = preSolution
		Debug|Any CPU = Debug|Any CPU
		Release|Any CPU = Release|Any CPU
	EndGlobalSection
	GlobalSection(ProjectConfigurationPlatforms) = postSolution
		{98CC7250-ADA4-45E7-9B06-2DB90A80F166}.Debug|Any CPU.ActiveCfg = Debug|Any CPU
		{98CC7250-ADA4-45E7-9B06-2DB90A80F166}.Debug|Any CPU.Build.0 = Debug|Any CPU
		{98CC7250-ADA4-45E7-9B06-2DB90A80F166}.Release|Any CPU.ActiveCfg = Release|Any CPU
		{98CC7250-ADA4-45E7-9B06-2DB90A80F166}.Release|Any CPU.Build.0 = Release|Any CPU
		{2B62E68A-A267-43F3-BDED-5972C021644A}.Debug|Any CPU.ActiveCfg = Debug
		{2B62E68A-A267-43F3-BDED-5972C021644A}.Release|Any CPU.ActiveCfg = Release
	EndGlobalSection
	GlobalSection(SolutionProperties) = preSolution
		HideSolutionNode = FALSE
	EndGlobalSection
	GlobalSection(ExtensibilityGlobals) = postSolution
		SolutionGuid = {737411E9-0762-406D-934E-CB515ACAEEE0}
	EndGlobalSection
EndGlobal
